
Microsoft Visual Studio Solution File, Format Version 12.00
# Visual Studio 2013
VisualStudioVersion = 12.0.40629.0
MinimumVisualStudioVersion = 10.0.40219.1
Project("{9092AA53-FB77-4645-B42D-1CCCA6BD08BD}") = "books", "books\books.njsproj", "{FFD48683-D7D1-46EF-81D8-4467FBA4D902}"
EndProject
Global
	GlobalSection(SolutionConfigurationPlatforms) = preSolution
		Debug|Any CPU = Debug|Any CPU
		Release|Any CPU = Release|Any CPU
	EndGlobalSection
	GlobalSection(ProjectConfigurationPlatforms) = postSolution
		{FFD48683-D7D1-46EF-81D8-4467FBA4D902}.Debug|Any CPU.ActiveCfg = Debug|Any CPU
		{FFD48683-D7D1-46EF-81D8-4467FBA4D902}.Debug|Any CPU.Build.0 = Debug|Any CPU
		{FFD48683-D7D1-46EF-81D8-4467FBA4D902}.Release|Any CPU.ActiveCfg = Release|Any CPU
		{FFD48683-D7D1-46EF-81D8-4467FBA4D902}.Release|Any CPU.Build.0 = Release|Any CPU
	EndGlobalSection
	GlobalSection(SolutionProperties) = preSolution
		HideSolutionNode = FALSE
	EndGlobalSection
EndGlobal
